{
  "name": "qrl-ledger-e2e",
  "lockfileVersion": 3,
  "requires": true,
  "packages": {
    "": {
      "name": "qrl-ledger-e2e",
      "dependencies": {
        "@noble/hashes": "2.4.0",
        "@theqrl/wallet.js": "6.2.4"
      }
    },
    "node_modules/@noble/hashes": {
      "version": "2.4.0",
      "resolved": "https://registry.npmjs.org/@noble/hashes/-/hashes-2.4.0.tgz",
      "integrity": "sha512-X5XaVWZIBCT7HHZGm5I7ZQXDwLG+bGXuSrMQAW+7Zvl87h1kmc1ZB1VSRJcpUfoUrGQp4Fkoxm5kZ+Ms+aW+eA==",
      "license": "MIT",
      "engines": {
        "node": ">= 20.19.0"
      },
      "funding": {
        "url": "https://paulmillr.com/funding/"
      }
    },
    "node_modules/@theqrl/mldsa87": {
      "version": "2.1.3",
      "resolved": "https://registry.npmjs.org/@theqrl/mldsa87/-/mldsa87-2.1.3.tgz",
      "integrity": "sha512-sQxeMZTeJG84v8lK8gRztuHHC2hB6RG2yWQc7oHv19lExG6vB4qvn8nk8/0ffseYXMqfqU5dmZ4jdabk9P3TEg==",
      "license": "MIT",
      "dependencies": {
        "@noble/hashes": "2.2.0"
      },
      "engines": {
        "node": ">=20.19.0"
      }
    },
    "node_modules/@theqrl/mldsa87/node_modules/@noble/hashes": {
      "version": "2.2.0",
      "resolved": "https://registry.npmjs.org/@noble/hashes/-/hashes-2.2.0.tgz",
      "integrity": "sha512-IYqDGiTXab6FniAgnSdZwgWbomxpy9FtYvLKs7wCUs2a8RkITG+DFGO1DM9cr+E3/RgADRpFjrKVaJ1z6sjtEg==",
      "license": "MIT",
      "engines": {
        "node": ">= 20.19.0"
      },
      "funding": {
        "url": "https://paulmillr.com/funding/"
      }
    },
    "node_modules/@theqrl/wallet.js": {
      "version": "6.2.4",
      "resolved": "https://registry.npmjs.org/@theqrl/wallet.js/-/wallet.js-6.2.4.tgz",
      "integrity": "sha512-rLA5VgIdyBSEOUdZpEKXtEZTrzWPeFHq0vr1FSP2a48EhMYtrCSl9t/C4VIlQsbE4elFONoVnWd0YUNflAwSnA==",
      "license": "MIT",
      "dependencies": {
        "@noble/hashes": "2.2.0",
        "@theqrl/mldsa87": "2.1.3"
      },
      "engines": {
        "node": ">=20.19"
      }
    },
    "node_modules/@theqrl/wallet.js/node_modules/@noble/hashes": {
      "version": "2.2.0",
      "resolved": "https://registry.npmjs.org/@noble/hashes/-/hashes-2.2.0.tgz",
      "integrity": "sha512-IYqDGiTXab6FniAgnSdZwgWbomxpy9FtYvLKs7wCUs2a8RkITG+DFGO1DM9cr+E3/RgADRpFjrKVaJ1z6sjtEg==",
      "license": "MIT",
      "engines": {
        "node": ">= 20.19.0"
      },
      "funding": {
        "url": "https://paulmillr.com/funding/"
      }
    }
  }
}
