{
  "name": "qrl-ledger-e2e",
  "lockfileVersion": 3,
  "requires": true,
  "packages": {
    "": {
      "name": "qrl-ledger-e2e",
      "dependencies": {
        "@noble/hashes": "2.2.0",
        "@theqrl/wallet.js": "6.3.0"
      }
    },
    "node_modules/@noble/hashes": {
      "version": "2.2.0",
      "resolved": "https://registry.npmjs.org/@noble/hashes/-/hashes-2.2.0.tgz",
      "integrity": "sha512-IYqDGiTXab6FniAgnSdZwgWbomxpy9FtYvLKs7wCUs2a8RkITG+DFGO1DM9cr+E3/RgADRpFjrKVaJ1z6sjtEg==",
      "license": "MIT",
      "engines": {
        "node": ">= 20.19.0"
      },
      "funding": {
        "url": "https://paulmillr.com/funding/"
      }
    },
    "node_modules/@theqrl/mldsa87": {
      "version": "2.2.0",
      "resolved": "https://registry.npmjs.org/@theqrl/mldsa87/-/mldsa87-2.2.0.tgz",
      "integrity": "sha512-rujMGT6vdMTQbtVyMiOL1Q3e7VxLrNZqP/disR4m20+nen4e+bjR4wvt/av8M5e0qDNVjO7sjGctlzC81/qVgw==",
      "license": "MIT",
      "dependencies": {
        "@noble/hashes": "2.4.0"
      },
      "engines": {
        "node": ">=20.19.0"
      }
    },
    "node_modules/@theqrl/mldsa87/node_modules/@noble/hashes": {
      "version": "2.4.0",
      "resolved": "https://registry.npmjs.org/@noble/hashes/-/hashes-2.4.0.tgz",
      "integrity": "sha512-X5XaVWZIBCT7HHZGm5I7ZQXDwLG+bGXuSrMQAW+7Zvl87h1kmc1ZB1VSRJcpUfoUrGQp4Fkoxm5kZ+Ms+aW+eA==",
      "license": "MIT",
      "engines": {
        "node": ">= 20.19.0"
      },
      "funding": {
        "url": "https://paulmillr.com/funding/"
      }
    },
    "node_modules/@theqrl/wallet.js": {
      "version": "6.3.0",
      "resolved": "https://registry.npmjs.org/@theqrl/wallet.js/-/wallet.js-6.3.0.tgz",
      "integrity": "sha512-zTZsLIQKm4CaRAs4sfnalunVrFotxRIY6adwDCN01Ts55TrYn0qp8Jbs6Tv3/9cQDGJzEYszN1oIw49WcUActg==",
      "license": "MIT",
      "dependencies": {
        "@noble/hashes": "2.4.0",
        "@theqrl/mldsa87": "2.2.0"
      },
      "engines": {
        "node": ">=20.19"
      }
    },
    "node_modules/@theqrl/wallet.js/node_modules/@noble/hashes": {
      "version": "2.4.0",
      "resolved": "https://registry.npmjs.org/@noble/hashes/-/hashes-2.4.0.tgz",
      "integrity": "sha512-X5XaVWZIBCT7HHZGm5I7ZQXDwLG+bGXuSrMQAW+7Zvl87h1kmc1ZB1VSRJcpUfoUrGQp4Fkoxm5kZ+Ms+aW+eA==",
      "license": "MIT",
      "engines": {
        "node": ">= 20.19.0"
      },
      "funding": {
        "url": "https://paulmillr.com/funding/"
      }
    }
  }
}
